
Microsoft Visual Studio Solution File, Format Version 12.00
# Visual Studio Version 17
VisualStudioVersion = 17.8.34525.116
MinimumVisualStudioVersion = 10.0.40219.1
Project("{FAE04EC0-301F-11D3-BF4B-00C04F79EFBC}") = "Pri.VueBasics.Web", "Pri.VueBasics.Web\Pri.VueBasics.Web.csproj", "{E47DCF1D-F842-48A3-BF93-3006676908CA}"
EndProject
Global
	GlobalSection(SolutionConfigurationPlatforms) = preSolution
		Debug|Any CPU = Debug|Any CPU
		Release|Any CPU = Release|Any CPU
	EndGlobalSection
	GlobalSection(ProjectConfigurationPlatforms) = postSolution
		{E47DCF1D-F842-48A3-BF93-3006676908CA}.Debug|Any CPU.ActiveCfg = Debug|Any CPU
		{E47DCF1D-F842-48A3-BF93-3006676908CA}.Debug|Any CPU.Build.0 = Debug|Any CPU
		{E47DCF1D-F842-48A3-BF93-3006676908CA}.Release|Any CPU.ActiveCfg = Release|Any CPU
		{E47DCF1D-F842-48A3-BF93-3006676908CA}.Release|Any CPU.Build.0 = Release|Any CPU
	EndGlobalSection
	GlobalSection(SolutionProperties) = preSolution
		HideSolutionNode = FALSE
	EndGlobalSection
	GlobalSection(ExtensibilityGlobals) = postSolution
		SolutionGuid = {37E974B3-CFAC-4DBB-9795-C329A4CE5FA4}
	EndGlobalSection
EndGlobal
